
Microsoft Visual Studio Solution File, Format Version 12.00
# Visual Studio 15
VisualStudioVersion = 15.0.28307.1401
MinimumVisualStudioVersion = 10.0.40219.1
Project("{FAE04EC0-301F-11D3-BF4B-00C04F79EFBC}") = "HMS.WEB", "HMS.WEB\HMS.WEB.csproj", "{F9C5B9DB-AB70-47E1-91CF-C9472A9C0F22}"
EndProject
Project("{FAE04EC0-301F-11D3-BF4B-00C04F79EFBC}") = "HMS.Enities", "HMS.Enities\HMS.Enities.csproj", "{478F847D-0718-4568-8FB0-9EC2765960CD}"
EndProject
Project("{FAE04EC0-301F-11D3-BF4B-00C04F79EFBC}") = "HMS.DB", "HMS.DB\HMS.DB.csproj", "{13F3DA68-A2C0-447E-A29C-2AB7BF2A49E7}"
EndProject
Project("{FAE04EC0-301F-11D3-BF4B-00C04F79EFBC}") = "HMS.Services", "HMS.Services\HMS.Services.csproj", "{B6D4FC5B-3BD6-49C1-B488-57BC6C049645}"
EndProject
Global
	GlobalSection(SolutionConfigurationPlatforms) = preSolution
		Debug|Any CPU = Debug|Any CPU
		Release|Any CPU = Release|Any CPU
	EndGlobalSection
	GlobalSection(ProjectConfigurationPlatforms) = postSolution
		{F9C5B9DB-AB70-47E1-91CF-C9472A9C0F22}.Debug|Any CPU.ActiveCfg = Debug|Any CPU
		{F9C5B9DB-AB70-47E1-91CF-C9472A9C0F22}.Debug|Any CPU.Build.0 = Debug|Any CPU
		{F9C5B9DB-AB70-47E1-91CF-C9472A9C0F22}.Release|Any CPU.ActiveCfg = Release|Any CPU
		{F9C5B9DB-AB70-47E1-91CF-C9472A9C0F22}.Release|Any CPU.Build.0 = Release|Any CPU
		{478F847D-0718-4568-8FB0-9EC2765960CD}.Debug|Any CPU.ActiveCfg = Debug|Any CPU
		{478F847D-0718-4568-8FB0-9EC2765960CD}.Debug|Any CPU.Build.0 = Debug|Any CPU
		{478F847D-0718-4568-8FB0-9EC2765960CD}.Release|Any CPU.ActiveCfg = Release|Any CPU
		{478F847D-0718-4568-8FB0-9EC2765960CD}.Release|Any CPU.Build.0 = Release|Any CPU
		{13F3DA68-A2C0-447E-A29C-2AB7BF2A49E7}.Debug|Any CPU.ActiveCfg = Debug|Any CPU
		{13F3DA68-A2C0-447E-A29C-2AB7BF2A49E7}.Debug|Any CPU.Build.0 = Debug|Any CPU
		{13F3DA68-A2C0-447E-A29C-2AB7BF2A49E7}.Release|Any CPU.ActiveCfg = Release|Any CPU
		{13F3DA68-A2C0-447E-A29C-2AB7BF2A49E7}.Release|Any CPU.Build.0 = Release|Any CPU
		{B6D4FC5B-3BD6-49C1-B488-57BC6C049645}.Debug|Any CPU.ActiveCfg = Debug|Any CPU
		{B6D4FC5B-3BD6-49C1-B488-57BC6C049645}.Debug|Any CPU.Build.0 = Debug|Any CPU
		{B6D4FC5B-3BD6-49C1-B488-57BC6C049645}.Release|Any CPU.ActiveCfg = Release|Any CPU
		{B6D4FC5B-3BD6-49C1-B488-57BC6C049645}.Release|Any CPU.Build.0 = Release|Any CPU
	EndGlobalSection
	GlobalSection(SolutionProperties) = preSolution
		HideSolutionNode = FALSE
	EndGlobalSection
	GlobalSection(ExtensibilityGlobals) = postSolution
		SolutionGuid = {4530FA32-3F35-4ACE-938F-9F195335FC25}
	EndGlobalSection
EndGlobal
